// !$*UTF8*$!
{
	archiveVersion = 1;
	classes = {
	};
	objectVersion = 46;
	objects = {

/* Begin PBXBuildFile section */
		A645D9EC1EBE69170061710A /* AppDelegate.swift in Sources */ = {isa = PBXBuildFile; fileRef = A645D9EB1EBE69170061710A /* AppDelegate.swift */; };
		A645D9EE1EBE69170061710A /* ViewController.swift in Sources */ = {isa = PBXBuildFile; fileRef = A645D9ED1EBE69170061710A /* ViewController.swift */; };
		A645D9F11EBE69170061710A /* Main.storyboard in Resources */ = {isa = PBXBuildFile; fileRef = A645D9EF1EBE69170061710A /* Main.storyboard */; };
		A645D9F31EBE69170061710A /* Assets.xcassets in Resources */ = {isa = PBXBuildFile; fileRef = A645D9F21EBE69170061710A /* Assets.xcassets */; };
		A645D9F61EBE69170061710A /* LaunchScreen.storyboard in Resources */ = {isa = PBXBuildFile; fileRef = A645D9F41EBE69170061710A /* LaunchScreen.storyboard */; };
		A645DA011EBE69170061710A /* TipCalcTests.swift in Sources */ = {isa = PBXBuildFile; fileRef = A645DA001EBE69170061710A /* TipCalcTests.swift */; };
/* End PBXBuildFile section */

/* Begin PBXContainerItemProxy section */
		A645D9FD1EBE69170061710A /* PBXContainerItemProxy */ = {
			isa = PBXContainerItemProxy;
			containerPortal = A645D9E01EBE69170061710A /* Project object */;
			proxyType = 1;
			remoteGlobalIDString = A645D9E71EBE69170061710A;
			remoteInfo = TipCalc;
		};
/* End PBXContainerItemProxy section */

/* Begin PBXFileReference section */
		A645D9E81EBE69170061710A /* TipCalc.app */ = {isa = PBXFileReference; explicitFileType = wrapper.application; includeInIndex = 0; path = TipCalc.app; sourceTree = BUILT_PRODUCTS_DIR; };
		A645D9EB1EBE69170061710A /* AppDelegate.swift */ = {isa = PBXFileReference; lastKnownFileType = sourcecode.swift; path = AppDelegate.swift; sourceTree = "<group>"; };
		A645D9ED1EBE69170061710A /* ViewController.swift */ = {isa = PBXFileReference; lastKnownFileType = sourcecode.swift; path = ViewController.swift; sourceTree = "<group>"; };
		A645D9F01EBE69170061710A /* Base */ = {isa = PBXFileReference; lastKnownFileType = file.storyboard; name = Base; path = Base.lproj/Main.storyboard; sourceTree = "<group>"; };
		A645D9F21EBE69170061710A /* Assets.xcassets */ = {isa = PBXFileReference; lastKnownFileType = folder.assetcatalog; path = Assets.xcassets; sourceTree = "<group>"; };
		A645D9F51EBE69170061710A /* Base */ = {isa = PBXFileReference; lastKnownFileType = file.storyboard; name = Base; path = Base.lproj/LaunchScreen.storyboard; sourceTree = "<group>"; };
		A645D9F71EBE69170061710A /* Info.plist */ = {isa = PBXFileReference; lastKnownFileType = text.plist.xml; path = Info.plist; sourceTree = "<group>"; };
		A645D9FC1EBE69170061710A /* TipCalcTests.xctest */ = {isa = PBXFileReference; explicitFileType = wrapper.cfbundle; includeInIndex = 0; path = TipCalcTests.xctest; sourceTree = BUILT_PRODUCTS_DIR; };
		A645DA001EBE69170061710A /* TipCalcTests.swift */ = {isa = PBXFileReference; lastKnownFileType = sourcecode.swift; path = TipCalcTests.swift; sourceTree = "<group>"; };
		A645DA021EBE69170061710A /* Info.plist */ = {isa = PBXFileReference; lastKnownFileType = text.plist.xml; path = Info.plist; sourceTree = "<group>"; };
/* End PBXFileReference section */

/* Begin PBXFrameworksBuildPhase section */
		A645D9E51EBE69170061710A /* Frameworks */ = {
			isa = PBXFrameworksBuildPhase;
			buildActionMask = 2147483647;
			files = (
			);
			runOnlyForDeploymentPostprocessing = 0;
		};
		A645D9F91EBE69170061710A /* Frameworks */ = {
			isa = PBXFrameworksBuildPhase;
			buildActionMask = 2147483647;
			files = (
			);
			runOnlyForDeploymentPostprocessing = 0;
		};
/* End PBXFrameworksBuildPhase section */

/* Begin PBXGroup section */
		A645D9DF1EBE69170061710A = {
			isa = PBXGroup;
			children = (
				A645D9EA1EBE69170061710A /* TipCalc */,
				A645D9FF1EBE69170061710A /* TipCalcTests */,
				A645D9E91EBE69170061710A /* Products */,
			);
			sourceTree = "<group>";
		};
		A645D9E91EBE69170061710A /* Products */ = {
			isa = PBXGroup;
			children = (
				A645D9E81EBE69170061710A /* TipCalc.app */,
				A645D9FC1EBE69170061710A /* TipCalcTests.xctest */,
			);
			name = Products;
			sourceTree = "<group>";
		};
		A645D9EA1EBE69170061710A /* TipCalc */ = {
			isa = PBXGroup;
			children = (
				A645D9EB1EBE69170061710A /* AppDelegate.swift */,
				A645D9ED1EBE69170061710A /* ViewController.swift */,
				A645D9EF1EBE69170061710A /* Main.storyboard */,
				A645D9F21EBE69170061710A /* Assets.xcassets */,
				A645D9F41EBE69170061710A /* LaunchScreen.storyboard */,
				A645D9F71EBE69170061710A /* Info.plist */,
			);
			path = TipCalc;
			sourceTree = "<group>";
		};
		A645D9FF1EBE69170061710A /* TipCalcTests */ = {
			isa = PBXGroup;
			children = (
				A645DA001EBE69170061710A /* TipCalcTests.swift */,
				A645DA021EBE69170061710A /* Info.plist */,
			);
			path = TipCalcTests;
			sourceTree = "<group>";
		};
/* End PBXGroup section */

/* Begin PBXNativeTarget section */
		A645D9E71EBE69170061710A /* TipCalc */ = {
			isa = PBXNativeTarget;
			buildConfigurationList = A645DA051EBE69170061710A /* Build configuration list for PBXNativeTarget "TipCalc" */;
			buildPhases = (
				A645D9E41EBE69170061710A /* Sources */,
				A645D9E51EBE69170061710A /* Frameworks */,
				A645D9E61EBE69170061710A /* Resources */,
			);
			buildRules = (
			);
			dependencies = (
			);
			name = TipCalc;
			productName = TipCalc;
			productReference = A645D9E81EBE69170061710A /* TipCalc.app */;
			productType = "com.apple.product-type.application";
		};
		A645D9FB1EBE69170061710A /* TipCalcTests */ = {
			isa = PBXNativeTarget;
			buildConfigurationList = A645DA081EBE69170061710A /* Build configuration list for PBXNativeTarget "TipCalcTests" */;
			buildPhases = (
				A645D9F81EBE69170061710A /* Sources */,
				A645D9F91EBE69170061710A /* Frameworks */,
				A645D9FA1EBE69170061710A /* Resources */,
			);
			buildRules = (
			);
			dependencies = (
				A645D9FE1EBE69170061710A /* PBXTargetDependency */,
			);
			name = TipCalcTests;
			productName = TipCalcTests;
			productReference = A645D9FC1EBE69170061710A /* TipCalcTests.xctest */;
			productType = "com.apple.product-type.bundle.unit-test";
		};
/* End PBXNativeTarget section */

/* Begin PBXProject section */
		A645D9E01EBE69170061710A /* Project object */ = {
			isa = PBXProject;
			attributes = {
				LastSwiftUpdateCheck = 0830;
				LastUpgradeCheck = 0830;
				ORGANIZATIONNAME = "Charnpreet Singh";
				TargetAttributes = {
					A645D9E71EBE69170061710A = {
						CreatedOnToolsVersion = 8.3.2;
						DevelopmentTeam = WQPBM748VV;
						ProvisioningStyle = Automatic;
					};
					A645D9FB1EBE69170061710A = {
						CreatedOnToolsVersion = 8.3.2;
						DevelopmentTeam = WQPBM748VV;
						ProvisioningStyle = Automatic;
						TestTargetID = A645D9E71EBE69170061710A;
					};
				};
			};
			buildConfigurationList = A645D9E31EBE69170061710A /* Build configuration list for PBXProject "TipCalc" */;
			compatibilityVersion = "Xcode 3.2";
			developmentRegion = English;
			hasScannedForEncodings = 0;
			knownRegions = (
				en,
				Base,
			);
			mainGroup = A645D9DF1EBE69170061710A;
			productRefGroup = A645D9E91EBE69170061710A /* Products */;
			projectDirPath = "";
			projectRoot = "";
			targets = (
				A645D9E71EBE69170061710A /* TipCalc */,
				A645D9FB1EBE69170061710A /* TipCalcTests */,
			);
		};
/* End PBXProject section */

/* Begin PBXResourcesBuildPhase section */
		A645D9E61EBE69170061710A /* Resources */ = {
			isa = PBXResourcesBuildPhase;
			buildActionMask = 2147483647;
			files = (
				A645D9F61EBE69170061710A /* LaunchScreen.storyboard in Resources */,
				A645D9F31EBE69170061710A /* Assets.xcassets in Resources */,
				A645D9F11EBE69170061710A /* Main.storyboard in Resources */,
			);
			runOnlyForDeploymentPostprocessing = 0;
		};
		A645D9FA1EBE69170061710A /* Resources */ = {
			isa = PBXResourcesBuildPhase;
			buildActionMask = 2147483647;
			files = (
			);
			runOnlyForDeploymentPostprocessing = 0;
		};
/* End PBXResourcesBuildPhase section */

/* Begin PBXSourcesBuildPhase section */
		A645D9E41EBE69170061710A /* Sources */ = {
			isa = PBXSourcesBuildPhase;
			buildActionMask = 2147483647;
			files = (
				A645D9EE1EBE69170061710A /* ViewController.swift in Sources */,
				A645D9EC1EBE69170061710A /* AppDelegate.swift in Sources */,
			);
			runOnlyForDeploymentPostprocessing = 0;
		};
		A645D9F81EBE69170061710A /* Sources */ = {
			isa = PBXSourcesBuildPhase;
			buildActionMask = 2147483647;
			files = (
				A645DA011EBE69170061710A /* TipCalcTests.swift in Sources */,
			);
			runOnlyForDeploymentPostprocessing = 0;
		};
/* End PBXSourcesBuildPhase section */

/* Begin PBXTargetDependency section */
		A645D9FE1EBE69170061710A /* PBXTargetDependency */ = {
			isa = PBXTargetDependency;
			target = A645D9E71EBE69170061710A /* TipCalc */;
			targetProxy = A645D9FD1EBE69170061710A /* PBXContainerItemProxy */;
		};
/* End PBXTargetDependency section */

/* Begin PBXVariantGroup section */
		A645D9EF1EBE69170061710A /* Main.storyboard */ = {
			isa = PBXVariantGroup;
			children = (
				A645D9F01EBE69170061710A /* Base */,
			);
			name = Main.storyboard;
			sourceTree = "<group>";
		};
		A645D9F41EBE69170061710A /* LaunchScreen.storyboard */ = {
			isa = PBXVariantGroup;
			children = (
				A645D9F51EBE69170061710A /* Base */,
			);
			name = LaunchScreen.storyboard;
			sourceTree = "<group>";
		};
/* End PBXVariantGroup section */

/* Begin XCBuildConfiguration section */
		A645DA031EBE69170061710A /* Debug */ = {
			isa = XCBuildConfiguration;
			buildSettings = {
				ALWAYS_SEARCH_USER_PATHS = NO;
				CLANG_ANALYZER_NONNULL = YES;
				CLANG_ANALYZER_NUMBER_OBJECT_CONVERSION = YES_AGGRESSIVE;
				CLANG_CXX_LANGUAGE_STANDARD = "gnu++0x";
				CLANG_CXX_LIBRARY = "libc++";
				CLANG_ENABLE_MODULES = YES;
				CLANG_ENABLE_OBJC_ARC = YES;
				CLANG_WARN_BOOL_CONVERSION = YES;
				CLANG_WARN_CONSTANT_CONVERSION = YES;
				CLANG_WARN_DIRECT_OBJC_ISA_USAGE = YES_ERROR;
				CLANG_WARN_DOCUMENTATION_COMMENTS = YES;
				CLANG_WARN_EMPTY_BODY = YES;
				CLANG_WARN_ENUM_CONVERSION = YES;
				CLANG_WARN_INFINITE_RECURSION = YES;
				CLANG_WARN_INT_CONVERSION = YES;
				CLANG_WARN_OBJC_ROOT_CLASS = YES_ERROR;
				CLANG_WARN_SUSPICIOUS_MOVE = YES;
				CLANG_WARN_UNREACHABLE_CODE = YES;
				CLANG_WARN__DUPLICATE_METHOD_MATCH = YES;
				"CODE_SIGN_IDENTITY[sdk=iphoneos*]" = "iPhone Developer";
				COPY_PHASE_STRIP = NO;
				DEBUG_INFORMATION_FORMAT = dwarf;
				ENABLE_STRICT_OBJC_MSGSEND = YES;
				ENABLE_TESTABILITY = YES;
				GCC_C_LANGUAGE_STANDARD = gnu99;
				GCC_DYNAMIC_NO_PIC = NO;
				GCC_NO_COMMON_BLOCKS = YES;
				GCC_OPTIMIZATION_LEVEL = 0;
				GCC_PREPROCESSOR_DEFINITIONS = (
					"DEBUG=1",
					"$(inherited)",
				);
				GCC_WARN_64_TO_32_BIT_CONVERSION = YES;
				GCC_WARN_ABOUT_RETURN_TYPE = YES_ERROR;
				GCC_WARN_UNDECLARED_SELECTOR = YES;
				GCC_WARN_UNINITIALIZED_AUTOS = YES_AGGRESSIVE;
				GCC_WARN_UNUSED_FUNCTION = YES;
				GCC_WARN_UNUSED_VARIABLE = YES;
				IPHONEOS_DEPLOYMENT_TARGET = 10.3;
				MTL_ENABLE_DEBUG_INFO = YES;
				ONLY_ACTIVE_ARCH = YES;
				SDKROOT = iphoneos;
				SWIFT_ACTIVE_COMPILATION_CONDITIONS = DEBUG;
				SWIFT_OPTIMIZATION_LEVEL = "-Onone";
			};
			name = Debug;
		};
		A645DA041EBE69170061710A /* Release */ = {
			isa = XCBuildConfiguration;
			buildSettings = {
				ALWAYS_SEARCH_USER_PATHS = NO;
				CLANG_ANALYZER_NONNULL = YES;
				CLANG_ANALYZER_NUMBER_OBJECT_CONVERSION = YES_AGGRESSIVE;
				CLANG_CXX_LANGUAGE_STANDARD = "gnu++0x";
				CLANG_CXX_LIBRARY = "libc++";
				CLANG_ENABLE_MODULES = YES;
				CLANG_ENABLE_OBJC_ARC = YES;
				CLANG_WARN_BOOL_CONVERSION = YES;
				CLANG_WARN_CONSTANT_CONVERSION = YES;
				CLANG_WARN_DIRECT_OBJC_ISA_USAGE = YES_ERROR;
				CLANG_WARN_DOCUMENTATION_COMMENTS = YES;
				CLANG_WARN_EMPTY_BODY = YES;
				CLANG_WARN_ENUM_CONVERSION = YES;
				CLANG_WARN_INFINITE_RECURSION = YES;
				CLANG_WARN_INT_CONVERSION = YES;
				CLANG_WARN_OBJC_ROOT_CLASS = YES_ERROR;
				CLANG_WARN_SUSPICIOUS_MOVE = YES;
				CLANG_WARN_UNREACHABLE_CODE = YES;
				CLANG_WARN__DUPLICATE_METHOD_MATCH = YES;
				"CODE_SIGN_IDENTITY[sdk=iphoneos*]" = "iPhone Developer";
				COPY_PHASE_STRIP = NO;
				DEBUG_INFORMATION_FORMAT = "dwarf-with-dsym";
				ENABLE_NS_ASSERTIONS = NO;
				ENABLE_STRICT_OBJC_MSGSEND = YES;
				GCC_C_LANGUAGE_STANDARD = gnu99;
				GCC_NO_COMMON_BLOCKS = YES;
				GCC_WARN_64_TO_32_BIT_CONVERSION = YES;
				GCC_WARN_ABOUT_RETURN_TYPE = YES_ERROR;
				GCC_WARN_UNDECLARED_SELECTOR = YES;
				GCC_WARN_UNINITIALIZED_AUTOS = YES_AGGRESSIVE;
				GCC_WARN_UNUSED_FUNCTION = YES;
				GCC_WARN_UNUSED_VARIABLE = YES;
				IPHONEOS_DEPLOYMENT_TARGET = 10.3;
				MTL_ENABLE_DEBUG_INFO = NO;
				SDKROOT = iphoneos;
				SWIFT_OPTIMIZATION_LEVEL = "-Owholemodule";
				VALIDATE_PRODUCT = YES;
			};
			name = Release;
		};
		A645DA061EBE69170061710A /* Debug */ = {
			isa = XCBuildConfiguration;
			buildSettings = {
				ASSETCATALOG_COMPILER_APPICON_NAME = AppIcon;
				DEVELOPMENT_TEAM = WQPBM748VV;
				INFOPLIST_FILE = TipCalc/Info.plist;
				LD_RUNPATH_SEARCH_PATHS = "$(inherited) @executable_path/Frameworks";
				PRODUCT_BUNDLE_IDENTIFIER = com.Charnpreet.TipCalc;
				PRODUCT_NAME = "$(TARGET_NAME)";
				SWIFT_VERSION = 3.0;
			};
			name = Debug;
		};
		A645DA071EBE69170061710A /* Release */ = {
			isa = XCBuildConfiguration;
			buildSettings = {
				ASSETCATALOG_COMPILER_APPICON_NAME = AppIcon;
				DEVELOPMENT_TEAM = WQPBM748VV;
				INFOPLIST_FILE = TipCalc/Info.plist;
				LD_RUNPATH_SEARCH_PATHS = "$(inherited) @executable_path/Frameworks";
				PRODUCT_BUNDLE_IDENTIFIER = com.Charnpreet.TipCalc;
				PRODUCT_NAME = "$(TARGET_NAME)";
				SWIFT_VERSION = 3.0;
			};
			name = Release;
		};
		A645DA091EBE69170061710A /* Debug */ = {
			isa = XCBuildConfiguration;
			buildSettings = {
				ALWAYS_EMBED_SWIFT_STANDARD_LIBRARIES = YES;
				BUNDLE_LOADER = "$(TEST_HOST)";
				DEVELOPMENT_TEAM = WQPBM748VV;
				INFOPLIST_FILE = TipCalcTests/Info.plist;
				LD_RUNPATH_SEARCH_PATHS = "$(inherited) @executable_path/Frameworks @loader_path/Frameworks";
				PRODUCT_BUNDLE_IDENTIFIER = com.Charnpreet.TipCalcTests;
				PRODUCT_NAME = "$(TARGET_NAME)";
				SWIFT_VERSION = 3.0;
				TEST_HOST = "$(BUILT_PRODUCTS_DIR)/TipCalc.app/TipCalc";
			};
			name = Debug;
		};
		A645DA0A1EBE69170061710A /* Release */ = {
			isa = XCBuildConfiguration;
			buildSettings = {
				ALWAYS_EMBED_SWIFT_STANDARD_LIBRARIES = YES;
				BUNDLE_LOADER = "$(TEST_HOST)";
				DEVELOPMENT_TEAM = WQPBM748VV;
				INFOPLIST_FILE = TipCalcTests/Info.plist;
				LD_RUNPATH_SEARCH_PATHS = "$(inherited) @executable_path/Frameworks @loader_path/Frameworks";
				PRODUCT_BUNDLE_IDENTIFIER = com.Charnpreet.TipCalcTests;
				PRODUCT_NAME = "$(TARGET_NAME)";
				SWIFT_VERSION = 3.0;
				TEST_HOST = "$(BUILT_PRODUCTS_DIR)/TipCalc.app/TipCalc";
			};
			name = Release;
		};
/* End XCBuildConfiguration section */

/* Begin XCConfigurationList section */
		A645D9E31EBE69170061710A /* Build configuration list for PBXProject "TipCalc" */ = {
			isa = XCConfigurationList;
			buildConfigurations = (
				A645DA031EBE69170061710A /* Debug */,
				A645DA041EBE69170061710A /* Release */,
			);
			defaultConfigurationIsVisible = 0;
			defaultConfigurationName = Release;
		};
		A645DA051EBE69170061710A /* Build configuration list for PBXNativeTarget "TipCalc" */ = {
			isa = XCConfigurationList;
			buildConfigurations = (
				A645DA061EBE69170061710A /* Debug */,
				A645DA071EBE69170061710A /* Release */,
			);
			defaultConfigurationIsVisible = 0;
		};
		A645DA081EBE69170061710A /* Build configuration list for PBXNativeTarget "TipCalcTests" */ = {
			isa = XCConfigurationList;
			buildConfigurations = (
				A645DA091EBE69170061710A /* Debug */,
				A645DA0A1EBE69170061710A /* Release */,
			);
			defaultConfigurationIsVisible = 0;
		};
/* End XCConfigurationList section */
	};
	rootObject = A645D9E01EBE69170061710A /* Project object */;
}
